
Microsoft Visual Studio Solution File, Format Version 12.00
# Visual Studio Version 17
Project("{8BC9CEB8-8B4A-11D0-8D11-00A0C91BC942}") = "ALL_BUILD", "ALL_BUILD.vcxproj", "{0ED432A8-D8FE-3480-BBCD-F68EE37F6405}"
	ProjectSection(ProjectDependencies) = postProject
		{D4D542A8-7B6B-3E0E-AB53-DACF5AE954D6} = {D4D542A8-7B6B-3E0E-AB53-DACF5AE954D6}
	EndProjectSection
EndProject
Project("{8BC9CEB8-8B4A-11D0-8D11-00A0C91BC942}") = "MiraiCP", "MiraiCP.vcxproj", "{D4D542A8-7B6B-3E0E-AB53-DACF5AE954D6}"
	ProjectSection(ProjectDependencies) = postProject
	EndProjectSection
EndProject
Global
	GlobalSection(SolutionConfigurationPlatforms) = preSolution
		Debug|x64 = Debug|x64
		Release|x64 = Release|x64
		MinSizeRel|x64 = MinSizeRel|x64
		RelWithDebInfo|x64 = RelWithDebInfo|x64
	EndGlobalSection
	GlobalSection(ProjectConfigurationPlatforms) = postSolution
		{0ED432A8-D8FE-3480-BBCD-F68EE37F6405}.Debug|x64.ActiveCfg = Debug|x64
		{0ED432A8-D8FE-3480-BBCD-F68EE37F6405}.Release|x64.ActiveCfg = Release|x64
		{0ED432A8-D8FE-3480-BBCD-F68EE37F6405}.MinSizeRel|x64.ActiveCfg = MinSizeRel|x64
		{0ED432A8-D8FE-3480-BBCD-F68EE37F6405}.RelWithDebInfo|x64.ActiveCfg = RelWithDebInfo|x64
		{D4D542A8-7B6B-3E0E-AB53-DACF5AE954D6}.Debug|x64.ActiveCfg = Debug|x64
		{D4D542A8-7B6B-3E0E-AB53-DACF5AE954D6}.Debug|x64.Build.0 = Debug|x64
		{D4D542A8-7B6B-3E0E-AB53-DACF5AE954D6}.Release|x64.ActiveCfg = Release|x64
		{D4D542A8-7B6B-3E0E-AB53-DACF5AE954D6}.Release|x64.Build.0 = Release|x64
		{D4D542A8-7B6B-3E0E-AB53-DACF5AE954D6}.MinSizeRel|x64.ActiveCfg = MinSizeRel|x64
		{D4D542A8-7B6B-3E0E-AB53-DACF5AE954D6}.MinSizeRel|x64.Build.0 = MinSizeRel|x64
		{D4D542A8-7B6B-3E0E-AB53-DACF5AE954D6}.RelWithDebInfo|x64.ActiveCfg = RelWithDebInfo|x64
		{D4D542A8-7B6B-3E0E-AB53-DACF5AE954D6}.RelWithDebInfo|x64.Build.0 = RelWithDebInfo|x64
	EndGlobalSection
	GlobalSection(ExtensibilityGlobals) = postSolution
		SolutionGuid = {88F6F15A-1BA9-3E3F-B64D-1F4C0129326E}
	EndGlobalSection
	GlobalSection(ExtensibilityAddIns) = postSolution
	EndGlobalSection
EndGlobal
